
Microsoft Visual Studio Solution File, Format Version 12.00
# Visual Studio Version 17
VisualStudioVersion = 17.0.32112.339
MinimumVisualStudioVersion = 10.0.40219.1
Project("{FAE04EC0-301F-11D3-BF4B-00C04F79EFBC}") = "WebApi2", "WebApi2\WebApi2.csproj", "{B4DAB339-BC73-497C-BA5B-EF9F43AB7F23}"
EndProject
Global
	GlobalSection(SolutionConfigurationPlatforms) = preSolution
		Debug|Any CPU = Debug|Any CPU
		Release|Any CPU = Release|Any CPU
	EndGlobalSection
	GlobalSection(ProjectConfigurationPlatforms) = postSolution
		{B4DAB339-BC73-497C-BA5B-EF9F43AB7F23}.Debug|Any CPU.ActiveCfg = Debug|Any CPU
		{B4DAB339-BC73-497C-BA5B-EF9F43AB7F23}.Debug|Any CPU.Build.0 = Debug|Any CPU
		{B4DAB339-BC73-497C-BA5B-EF9F43AB7F23}.Release|Any CPU.ActiveCfg = Release|Any CPU
		{B4DAB339-BC73-497C-BA5B-EF9F43AB7F23}.Release|Any CPU.Build.0 = Release|Any CPU
	EndGlobalSection
	GlobalSection(SolutionProperties) = preSolution
		HideSolutionNode = FALSE
	EndGlobalSection
	GlobalSection(ExtensibilityGlobals) = postSolution
		SolutionGuid = {753B7AA8-2A32-4D17-90DD-A9F66BC263F6}
	EndGlobalSection
EndGlobal
